
Microsoft Visual Studio Solution File, Format Version 12.00
# Visual Studio 2015
Project("{FAE04EC0-301F-11D3-BF4B-00C04F79EFBC}") = "TaskVisp", "TaskVisp.csproj", "{E6955E33-AD58-0095-A0A7-CC34499F4653}"
EndProject
Global
	GlobalSection(SolutionConfigurationPlatforms) = preSolution
		Debug|Any CPU = Debug|Any CPU
		Release|Any CPU = Release|Any CPU
	EndGlobalSection
	GlobalSection(ProjectConfigurationPlatforms) = postSolution
		{E6955E33-AD58-0095-A0A7-CC34499F4653}.Debug|Any CPU.ActiveCfg = Debug|Any CPU
		{E6955E33-AD58-0095-A0A7-CC34499F4653}.Debug|Any CPU.Build.0 = Debug|Any CPU
		{E6955E33-AD58-0095-A0A7-CC34499F4653}.Release|Any CPU.ActiveCfg = Release|Any CPU
		{E6955E33-AD58-0095-A0A7-CC34499F4653}.Release|Any CPU.Build.0 = Release|Any CPU
	EndGlobalSection
	GlobalSection(SolutionProperties) = preSolution
		HideSolutionNode = FALSE
	EndGlobalSection
EndGlobal
